
Microsoft Visual Studio Solution File, Format Version 12.00
# Visual Studio Version 16
VisualStudioVersion = 16.0.33423.256
MinimumVisualStudioVersion = 10.0.40219.1
Project("{FAE04EC0-301F-11D3-BF4B-00C04F79EFBC}") = "JogoDaForca.ConsoleApp", "JogoDaForca.ConsoleApp\JogoDaForca.ConsoleApp.csproj", "{FA536F89-F63C-4F5B-BAB1-C9D14ECCFD2D}"
EndProject
Global
	GlobalSection(SolutionConfigurationPlatforms) = preSolution
		Debug|Any CPU = Debug|Any CPU
		Release|Any CPU = Release|Any CPU
	EndGlobalSection
	GlobalSection(ProjectConfigurationPlatforms) = postSolution
		{FA536F89-F63C-4F5B-BAB1-C9D14ECCFD2D}.Debug|Any CPU.ActiveCfg = Debug|Any CPU
		{FA536F89-F63C-4F5B-BAB1-C9D14ECCFD2D}.Debug|Any CPU.Build.0 = Debug|Any CPU
		{FA536F89-F63C-4F5B-BAB1-C9D14ECCFD2D}.Release|Any CPU.ActiveCfg = Release|Any CPU
		{FA536F89-F63C-4F5B-BAB1-C9D14ECCFD2D}.Release|Any CPU.Build.0 = Release|Any CPU
	EndGlobalSection
	GlobalSection(SolutionProperties) = preSolution
		HideSolutionNode = FALSE
	EndGlobalSection
	GlobalSection(ExtensibilityGlobals) = postSolution
		SolutionGuid = {C06FC4BA-386C-4057-9719-DE00CBBB1B92}
	EndGlobalSection
EndGlobal
